// !$*UTF8*$!
{
	archiveVersion = 1;
	classes = {
	};
	objectVersion = 56;
	objects = {

/* Begin PBXBuildFile section */
		AC5F7DE929DFE5C200D8D102 /* .gitignore in Resources */ = {isa = PBXBuildFile; fileRef = AC5F7DE829DFE5C200D8D102 /* .gitignore */; };
		AC79F95629BF9AA7005370EC /* TestApp1App.swift in Sources */ = {isa = PBXBuildFile; fileRef = AC79F95529BF9AA7005370EC /* TestApp1App.swift */; };
		AC79F95829BF9AA7005370EC /* ContentView.swift in Sources */ = {isa = PBXBuildFile; fileRef = AC79F95729BF9AA7005370EC /* ContentView.swift */; };
		AC79F95A29BF9AA8005370EC /* Assets.xcassets in Resources */ = {isa = PBXBuildFile; fileRef = AC79F95929BF9AA8005370EC /* Assets.xcassets */; };
		AC79F95D29BF9AA8005370EC /* Preview Assets.xcassets in Resources */ = {isa = PBXBuildFile; fileRef = AC79F95C29BF9AA8005370EC /* Preview Assets.xcassets */; };
		AC79F96729BF9AA8005370EC /* TestApp1Tests.swift in Sources */ = {isa = PBXBuildFile; fileRef = AC79F96629BF9AA8005370EC /* TestApp1Tests.swift */; };
		AC79F97129BF9AA8005370EC /* TestApp1UITests.swift in Sources */ = {isa = PBXBuildFile; fileRef = AC79F97029BF9AA8005370EC /* TestApp1UITests.swift */; };
		AC79F97329BF9AA8005370EC /* TestApp1UITestsLaunchTests.swift in Sources */ = {isa = PBXBuildFile; fileRef = AC79F97229BF9AA8005370EC /* TestApp1UITestsLaunchTests.swift */; };
/* End PBXBuildFile section */

/* Begin PBXContainerItemProxy section */
		AC79F96329BF9AA8005370EC /* PBXContainerItemProxy */ = {
			isa = PBXContainerItemProxy;
			containerPortal = AC79F94A29BF9AA7005370EC /* Project object */;
			proxyType = 1;
			remoteGlobalIDString = AC79F95129BF9AA7005370EC;
			remoteInfo = TestApp1;
		};
		AC79F96D29BF9AA8005370EC /* PBXContainerItemProxy */ = {
			isa = PBXContainerItemProxy;
			containerPortal = AC79F94A29BF9AA7005370EC /* Project object */;
			proxyType = 1;
			remoteGlobalIDString = AC79F95129BF9AA7005370EC;
			remoteInfo = TestApp1;
		};
/* End PBXContainerItemProxy section */

/* Begin PBXFileReference section */
		AC5F7DE829DFE5C200D8D102 /* .gitignore */ = {isa = PBXFileReference; lastKnownFileType = text; path = .gitignore; sourceTree = "<group>"; };
		AC79F95229BF9AA7005370EC /* TestApp1.app */ = {isa = PBXFileReference; explicitFileType = wrapper.application; includeInIndex = 0; path = TestApp1.app; sourceTree = BUILT_PRODUCTS_DIR; };
		AC79F95529BF9AA7005370EC /* TestApp1App.swift */ = {isa = PBXFileReference; lastKnownFileType = sourcecode.swift; path = TestApp1App.swift; sourceTree = "<group>"; };
		AC79F95729BF9AA7005370EC /* ContentView.swift */ = {isa = PBXFileReference; indentWidth = 30; lastKnownFileType = sourcecode.swift; path = ContentView.swift; sourceTree = "<group>"; tabWidth = 30; };
		AC79F95929BF9AA8005370EC /* Assets.xcassets */ = {isa = PBXFileReference; lastKnownFileType = folder.assetcatalog; path = Assets.xcassets; sourceTree = "<group>"; };
		AC79F95C29BF9AA8005370EC /* Preview Assets.xcassets */ = {isa = PBXFileReference; lastKnownFileType = folder.assetcatalog; path = "Preview Assets.xcassets"; sourceTree = "<group>"; };
		AC79F96229BF9AA8005370EC /* TestApp1Tests.xctest */ = {isa = PBXFileReference; explicitFileType = wrapper.cfbundle; includeInIndex = 0; path = TestApp1Tests.xctest; sourceTree = BUILT_PRODUCTS_DIR; };
		AC79F96629BF9AA8005370EC /* TestApp1Tests.swift */ = {isa = PBXFileReference; lastKnownFileType = sourcecode.swift; path = TestApp1Tests.swift; sourceTree = "<group>"; };
		AC79F96C29BF9AA8005370EC /* TestApp1UITests.xctest */ = {isa = PBXFileReference; explicitFileType = wrapper.cfbundle; includeInIndex = 0; path = TestApp1UITests.xctest; sourceTree = BUILT_PRODUCTS_DIR; };
		AC79F97029BF9AA8005370EC /* TestApp1UITests.swift */ = {isa = PBXFileReference; lastKnownFileType = sourcecode.swift; path = TestApp1UITests.swift; sourceTree = "<group>"; };
		AC79F97229BF9AA8005370EC /* TestApp1UITestsLaunchTests.swift */ = {isa = PBXFileReference; lastKnownFileType = sourcecode.swift; path = TestApp1UITestsLaunchTests.swift; sourceTree = "<group>"; };
/* End PBXFileReference section */

/* Begin PBXFrameworksBuildPhase section */
		AC79F94F29BF9AA7005370EC /* Frameworks */ = {
			isa = PBXFrameworksBuildPhase;
			buildActionMask = 2147483647;
			files = (
			);
			runOnlyForDeploymentPostprocessing = 0;
		};
		AC79F95F29BF9AA8005370EC /* Frameworks */ = {
			isa = PBXFrameworksBuildPhase;
			buildActionMask = 2147483647;
			files = (
			);
			runOnlyForDeploymentPostprocessing = 0;
		};
		AC79F96929BF9AA8005370EC /* Frameworks */ = {
			isa = PBXFrameworksBuildPhase;
			buildActionMask = 2147483647;
			files = (
			);
			runOnlyForDeploymentPostprocessing = 0;
		};
/* End PBXFrameworksBuildPhase section */

/* Begin PBXGroup section */
		AC79F94929BF9AA7005370EC = {
			isa = PBXGroup;
			children = (
				AC5F7DE829DFE5C200D8D102 /* .gitignore */,
				AC79F95429BF9AA7005370EC /* TestApp1 */,
				AC79F96529BF9AA8005370EC /* TestApp1Tests */,
				AC79F96F29BF9AA8005370EC /* TestApp1UITests */,
				AC79F95329BF9AA7005370EC /* Products */,
			);
			sourceTree = "<group>";
		};
		AC79F95329BF9AA7005370EC /* Products */ = {
			isa = PBXGroup;
			children = (
				AC79F95229BF9AA7005370EC /* TestApp1.app */,
				AC79F96229BF9AA8005370EC /* TestApp1Tests.xctest */,
				AC79F96C29BF9AA8005370EC /* TestApp1UITests.xctest */,
			);
			name = Products;
			sourceTree = "<group>";
		};
		AC79F95429BF9AA7005370EC /* TestApp1 */ = {
			isa = PBXGroup;
			children = (
				AC79F95529BF9AA7005370EC /* TestApp1App.swift */,
				AC79F95729BF9AA7005370EC /* ContentView.swift */,
				AC79F95929BF9AA8005370EC /* Assets.xcassets */,
				AC79F95B29BF9AA8005370EC /* Preview Content */,
			);
			path = TestApp1;
			sourceTree = "<group>";
		};
		AC79F95B29BF9AA8005370EC /* Preview Content */ = {
			isa = PBXGroup;
			children = (
				AC79F95C29BF9AA8005370EC /* Preview Assets.xcassets */,
			);
			path = "Preview Content";
			sourceTree = "<group>";
		};
		AC79F96529BF9AA8005370EC /* TestApp1Tests */ = {
			isa = PBXGroup;
			children = (
				AC79F96629BF9AA8005370EC /* TestApp1Tests.swift */,
			);
			path = TestApp1Tests;
			sourceTree = "<group>";
		};
		AC79F96F29BF9AA8005370EC /* TestApp1UITests */ = {
			isa = PBXGroup;
			children = (
				AC79F97029BF9AA8005370EC /* TestApp1UITests.swift */,
				AC79F97229BF9AA8005370EC /* TestApp1UITestsLaunchTests.swift */,
			);
			path = TestApp1UITests;
			sourceTree = "<group>";
		};
/* End PBXGroup section */

/* Begin PBXNativeTarget section */
		AC79F95129BF9AA7005370EC /* TestApp1 */ = {
			isa = PBXNativeTarget;
			buildConfigurationList = AC79F97629BF9AA8005370EC /* Build configuration list for PBXNativeTarget "TestApp1" */;
			buildPhases = (
				AC79F94E29BF9AA7005370EC /* Sources */,
				AC79F94F29BF9AA7005370EC /* Frameworks */,
				AC79F95029BF9AA7005370EC /* Resources */,
			);
			buildRules = (
			);
			dependencies = (
			);
			name = TestApp1;
			productName = TestApp1;
			productReference = AC79F95229BF9AA7005370EC /* TestApp1.app */;
			productType = "com.apple.product-type.application";
		};
		AC79F96129BF9AA8005370EC /* TestApp1Tests */ = {
			isa = PBXNativeTarget;
			buildConfigurationList = AC79F97929BF9AA8005370EC /* Build configuration list for PBXNativeTarget "TestApp1Tests" */;
			buildPhases = (
				AC79F95E29BF9AA8005370EC /* Sources */,
				AC79F95F29BF9AA8005370EC /* Frameworks */,
				AC79F96029BF9AA8005370EC /* Resources */,
			);
			buildRules = (
			);
			dependencies = (
				AC79F96429BF9AA8005370EC /* PBXTargetDependency */,
			);
			name = TestApp1Tests;
			productName = TestApp1Tests;
			productReference = AC79F96229BF9AA8005370EC /* TestApp1Tests.xctest */;
			productType = "com.apple.product-type.bundle.unit-test";
		};
		AC79F96B29BF9AA8005370EC /* TestApp1UITests */ = {
			isa = PBXNativeTarget;
			buildConfigurationList = AC79F97C29BF9AA8005370EC /* Build configuration list for PBXNativeTarget "TestApp1UITests" */;
			buildPhases = (
				AC79F96829BF9AA8005370EC /* Sources */,
				AC79F96929BF9AA8005370EC /* Frameworks */,
				AC79F96A29BF9AA8005370EC /* Resources */,
			);
			buildRules = (
			);
			dependencies = (
				AC79F96E29BF9AA8005370EC /* PBXTargetDependency */,
			);
			name = TestApp1UITests;
			productName = TestApp1UITests;
			productReference = AC79F96C29BF9AA8005370EC /* TestApp1UITests.xctest */;
			productType = "com.apple.product-type.bundle.ui-testing";
		};
/* End PBXNativeTarget section */

/* Begin PBXProject section */
		AC79F94A29BF9AA7005370EC /* Project object */ = {
			isa = PBXProject;
			attributes = {
				BuildIndependentTargetsInParallel = 1;
				LastSwiftUpdateCheck = 1420;
				LastUpgradeCheck = 1420;
				TargetAttributes = {
					AC79F95129BF9AA7005370EC = {
						CreatedOnToolsVersion = 14.2;
					};
					AC79F96129BF9AA8005370EC = {
						CreatedOnToolsVersion = 14.2;
						TestTargetID = AC79F95129BF9AA7005370EC;
					};
					AC79F96B29BF9AA8005370EC = {
						CreatedOnToolsVersion = 14.2;
						TestTargetID = AC79F95129BF9AA7005370EC;
					};
				};
			};
			buildConfigurationList = AC79F94D29BF9AA7005370EC /* Build configuration list for PBXProject "TestApp1" */;
			compatibilityVersion = "Xcode 14.0";
			developmentRegion = en;
			hasScannedForEncodings = 0;
			knownRegions = (
				en,
				Base,
			);
			mainGroup = AC79F94929BF9AA7005370EC;
			productRefGroup = AC79F95329BF9AA7005370EC /* Products */;
			projectDirPath = "";
			projectRoot = "";
			targets = (
				AC79F95129BF9AA7005370EC /* TestApp1 */,
				AC79F96129BF9AA8005370EC /* TestApp1Tests */,
				AC79F96B29BF9AA8005370EC /* TestApp1UITests */,
			);
		};
/* End PBXProject section */

/* Begin PBXResourcesBuildPhase section */
		AC79F95029BF9AA7005370EC /* Resources */ = {
			isa = PBXResourcesBuildPhase;
			buildActionMask = 2147483647;
			files = (
				AC79F95D29BF9AA8005370EC /* Preview Assets.xcassets in Resources */,
				AC5F7DE929DFE5C200D8D102 /* .gitignore in Resources */,
				AC79F95A29BF9AA8005370EC /* Assets.xcassets in Resources */,
			);
			runOnlyForDeploymentPostprocessing = 0;
		};
		AC79F96029BF9AA8005370EC /* Resources */ = {
			isa = PBXResourcesBuildPhase;
			buildActionMask = 2147483647;
			files = (
			);
			runOnlyForDeploymentPostprocessing = 0;
		};
		AC79F96A29BF9AA8005370EC /* Resources */ = {
			isa = PBXResourcesBuildPhase;
			buildActionMask = 2147483647;
			files = (
			);
			runOnlyForDeploymentPostprocessing = 0;
		};
/* End PBXResourcesBuildPhase section */

/* Begin PBXSourcesBuildPhase section */
		AC79F94E29BF9AA7005370EC /* Sources */ = {
			isa = PBXSourcesBuildPhase;
			buildActionMask = 2147483647;
			files = (
				AC79F95829BF9AA7005370EC /* ContentView.swift in Sources */,
				AC79F95629BF9AA7005370EC /* TestApp1App.swift in Sources */,
			);
			runOnlyForDeploymentPostprocessing = 0;
		};
		AC79F95E29BF9AA8005370EC /* Sources */ = {
			isa = PBXSourcesBuildPhase;
			buildActionMask = 2147483647;
			files = (
				AC79F96729BF9AA8005370EC /* TestApp1Tests.swift in Sources */,
			);
			runOnlyForDeploymentPostprocessing = 0;
		};
		AC79F96829BF9AA8005370EC /* Sources */ = {
			isa = PBXSourcesBuildPhase;
			buildActionMask = 2147483647;
			files = (
				AC79F97329BF9AA8005370EC /* TestApp1UITestsLaunchTests.swift in Sources */,
				AC79F97129BF9AA8005370EC /* TestApp1UITests.swift in Sources */,
			);
			runOnlyForDeploymentPostprocessing = 0;
		};
/* End PBXSourcesBuildPhase section */

/* Begin PBXTargetDependency section */
		AC79F96429BF9AA8005370EC /* PBXTargetDependency */ = {
			isa = PBXTargetDependency;
			target = AC79F95129BF9AA7005370EC /* TestApp1 */;
			targetProxy = AC79F96329BF9AA8005370EC /* PBXContainerItemProxy */;
		};
		AC79F96E29BF9AA8005370EC /* PBXTargetDependency */ = {
			isa = PBXTargetDependency;
			target = AC79F95129BF9AA7005370EC /* TestApp1 */;
			targetProxy = AC79F96D29BF9AA8005370EC /* PBXContainerItemProxy */;
		};
/* End PBXTargetDependency section */

/* Begin XCBuildConfiguration section */
		AC79F97429BF9AA8005370EC /* Debug */ = {
			isa = XCBuildConfiguration;
			buildSettings = {
				ALWAYS_SEARCH_USER_PATHS = NO;
				CLANG_ANALYZER_NONNULL = YES;
				CLANG_ANALYZER_NUMBER_OBJECT_CONVERSION = YES_AGGRESSIVE;
				CLANG_CXX_LANGUAGE_STANDARD = "gnu++20";
				CLANG_ENABLE_MODULES = YES;
				CLANG_ENABLE_OBJC_ARC = YES;
				CLANG_ENABLE_OBJC_WEAK = YES;
				CLANG_WARN_BLOCK_CAPTURE_AUTORELEASING = YES;
				CLANG_WARN_BOOL_CONVERSION = YES;
				CLANG_WARN_COMMA = YES;
				CLANG_WARN_CONSTANT_CONVERSION = YES;
				CLANG_WARN_DEPRECATED_OBJC_IMPLEMENTATIONS = YES;
				CLANG_WARN_DIRECT_OBJC_ISA_USAGE = YES_ERROR;
				CLANG_WARN_DOCUMENTATION_COMMENTS = YES;
				CLANG_WARN_EMPTY_BODY = YES;
				CLANG_WARN_ENUM_CONVERSION = YES;
				CLANG_WARN_INFINITE_RECURSION = YES;
				CLANG_WARN_INT_CONVERSION = YES;
				CLANG_WARN_NON_LITERAL_NULL_CONVERSION = YES;
				CLANG_WARN_OBJC_IMPLICIT_RETAIN_SELF = YES;
				CLANG_WARN_OBJC_LITERAL_CONVERSION = YES;
				CLANG_WARN_OBJC_ROOT_CLASS = YES_ERROR;
				CLANG_WARN_QUOTED_INCLUDE_IN_FRAMEWORK_HEADER = YES;
				CLANG_WARN_RANGE_LOOP_ANALYSIS = YES;
				CLANG_WARN_STRICT_PROTOTYPES = YES;
				CLANG_WARN_SUSPICIOUS_MOVE = YES;
				CLANG_WARN_UNGUARDED_AVAILABILITY = YES_AGGRESSIVE;
				CLANG_WARN_UNREACHABLE_CODE = YES;
				CLANG_WARN__DUPLICATE_METHOD_MATCH = YES;
				COPY_PHASE_STRIP = NO;
				DEBUG_INFORMATION_FORMAT = dwarf;
				ENABLE_STRICT_OBJC_MSGSEND = YES;
				ENABLE_TESTABILITY = YES;
				GCC_C_LANGUAGE_STANDARD = gnu11;
				GCC_DYNAMIC_NO_PIC = NO;
				GCC_NO_COMMON_BLOCKS = YES;
				GCC_OPTIMIZATION_LEVEL = 0;
				GCC_PREPROCESSOR_DEFINITIONS = (
					"DEBUG=1",
					"$(inherited)",
				);
				GCC_WARN_64_TO_32_BIT_CONVERSION = YES;
				GCC_WARN_ABOUT_RETURN_TYPE = YES_ERROR;
				GCC_WARN_UNDECLARED_SELECTOR = YES;
				GCC_WARN_UNINITIALIZED_AUTOS = YES_AGGRESSIVE;
				GCC_WARN_UNUSED_FUNCTION = YES;
				GCC_WARN_UNUSED_VARIABLE = YES;
				IPHONEOS_DEPLOYMENT_TARGET = 16.2;
				MTL_ENABLE_DEBUG_INFO = INCLUDE_SOURCE;
				MTL_FAST_MATH = YES;
				ONLY_ACTIVE_ARCH = YES;
				SDKROOT = iphoneos;
				SWIFT_ACTIVE_COMPILATION_CONDITIONS = DEBUG;
				SWIFT_OPTIMIZATION_LEVEL = "-Onone";
			};
			name = Debug;
		};
		AC79F97529BF9AA8005370EC /* Release */ = {
			isa = XCBuildConfiguration;
			buildSettings = {
				ALWAYS_SEARCH_USER_PATHS = NO;
				CLANG_ANALYZER_NONNULL = YES;
				CLANG_ANALYZER_NUMBER_OBJECT_CONVERSION = YES_AGGRESSIVE;
				CLANG_CXX_LANGUAGE_STANDARD = "gnu++20";
				CLANG_ENABLE_MODULES = YES;
				CLANG_ENABLE_OBJC_ARC = YES;
				CLANG_ENABLE_OBJC_WEAK = YES;
				CLANG_WARN_BLOCK_CAPTURE_AUTORELEASING = YES;
				CLANG_WARN_BOOL_CONVERSION = YES;
				CLANG_WARN_COMMA = YES;
				CLANG_WARN_CONSTANT_CONVERSION = YES;
				CLANG_WARN_DEPRECATED_OBJC_IMPLEMENTATIONS = YES;
				CLANG_WARN_DIRECT_OBJC_ISA_USAGE = YES_ERROR;
				CLANG_WARN_DOCUMENTATION_COMMENTS = YES;
				CLANG_WARN_EMPTY_BODY = YES;
				CLANG_WARN_ENUM_CONVERSION = YES;
				CLANG_WARN_INFINITE_RECURSION = YES;
				CLANG_WARN_INT_CONVERSION = YES;
				CLANG_WARN_NON_LITERAL_NULL_CONVERSION = YES;
				CLANG_WARN_OBJC_IMPLICIT_RETAIN_SELF = YES;
				CLANG_WARN_OBJC_LITERAL_CONVERSION = YES;
				CLANG_WARN_OBJC_ROOT_CLASS = YES_ERROR;
				CLANG_WARN_QUOTED_INCLUDE_IN_FRAMEWORK_HEADER = YES;
				CLANG_WARN_RANGE_LOOP_ANALYSIS = YES;
				CLANG_WARN_STRICT_PROTOTYPES = YES;
				CLANG_WARN_SUSPICIOUS_MOVE = YES;
				CLANG_WARN_UNGUARDED_AVAILABILITY = YES_AGGRESSIVE;
				CLANG_WARN_UNREACHABLE_CODE = YES;
				CLANG_WARN__DUPLICATE_METHOD_MATCH = YES;
				COPY_PHASE_STRIP = NO;
				DEBUG_INFORMATION_FORMAT = "dwarf-with-dsym";
				ENABLE_NS_ASSERTIONS = NO;
				ENABLE_STRICT_OBJC_MSGSEND = YES;
				GCC_C_LANGUAGE_STANDARD = gnu11;
				GCC_NO_COMMON_BLOCKS = YES;
				GCC_WARN_64_TO_32_BIT_CONVERSION = YES;
				GCC_WARN_ABOUT_RETURN_TYPE = YES_ERROR;
				GCC_WARN_UNDECLARED_SELECTOR = YES;
				GCC_WARN_UNINITIALIZED_AUTOS = YES_AGGRESSIVE;
				GCC_WARN_UNUSED_FUNCTION = YES;
				GCC_WARN_UNUSED_VARIABLE = YES;
				IPHONEOS_DEPLOYMENT_TARGET = 16.2;
				MTL_ENABLE_DEBUG_INFO = NO;
				MTL_FAST_MATH = YES;
				SDKROOT = iphoneos;
				SWIFT_COMPILATION_MODE = wholemodule;
				SWIFT_OPTIMIZATION_LEVEL = "-O";
				VALIDATE_PRODUCT = YES;
			};
			name = Release;
		};
		AC79F97729BF9AA8005370EC /* Debug */ = {
			isa = XCBuildConfiguration;
			buildSettings = {
				ASSETCATALOG_COMPILER_APPICON_NAME = AppIcon;
				ASSETCATALOG_COMPILER_GLOBAL_ACCENT_COLOR_NAME = AccentColor;
				CODE_SIGN_STYLE = Automatic;
				CURRENT_PROJECT_VERSION = 1;
				DEVELOPMENT_ASSET_PATHS = "\"TestApp1/Preview Content\"";
				ENABLE_PREVIEWS = YES;
				GENERATE_INFOPLIST_FILE = YES;
				INFOPLIST_KEY_UIApplicationSceneManifest_Generation = YES;
				INFOPLIST_KEY_UIApplicationSupportsIndirectInputEvents = YES;
				INFOPLIST_KEY_UILaunchScreen_Generation = YES;
				INFOPLIST_KEY_UISupportedInterfaceOrientations_iPad = "UIInterfaceOrientationPortrait UIInterfaceOrientationPortraitUpsideDown UIInterfaceOrientationLandscapeLeft UIInterfaceOrientationLandscapeRight";
				INFOPLIST_KEY_UISupportedInterfaceOrientations_iPhone = "UIInterfaceOrientationPortrait UIInterfaceOrientationLandscapeLeft UIInterfaceOrientationLandscapeRight";
				LD_RUNPATH_SEARCH_PATHS = (
					"$(inherited)",
					"@executable_path/Frameworks",
				);
				MARKETING_VERSION = 1.0;
				PRODUCT_BUNDLE_IDENTIFIER = test.TestApp1;
				PRODUCT_NAME = "$(TARGET_NAME)";
				SWIFT_EMIT_LOC_STRINGS = YES;
				SWIFT_VERSION = 5.0;
				TARGETED_DEVICE_FAMILY = "1,2";
			};
			name = Debug;
		};
		AC79F97829BF9AA8005370EC /* Release */ = {
			isa = XCBuildConfiguration;
			buildSettings = {
				ASSETCATALOG_COMPILER_APPICON_NAME = AppIcon;
				ASSETCATALOG_COMPILER_GLOBAL_ACCENT_COLOR_NAME = AccentColor;
				CODE_SIGN_STYLE = Automatic;
				CURRENT_PROJECT_VERSION = 1;
				DEVELOPMENT_ASSET_PATHS = "\"TestApp1/Preview Content\"";
				ENABLE_PREVIEWS = YES;
				GENERATE_INFOPLIST_FILE = YES;
				INFOPLIST_KEY_UIApplicationSceneManifest_Generation = YES;
				INFOPLIST_KEY_UIApplicationSupportsIndirectInputEvents = YES;
				INFOPLIST_KEY_UILaunchScreen_Generation = YES;
				INFOPLIST_KEY_UISupportedInterfaceOrientations_iPad = "UIInterfaceOrientationPortrait UIInterfaceOrientationPortraitUpsideDown UIInterfaceOrientationLandscapeLeft UIInterfaceOrientationLandscapeRight";
				INFOPLIST_KEY_UISupportedInterfaceOrientations_iPhone = "UIInterfaceOrientationPortrait UIInterfaceOrientationLandscapeLeft UIInterfaceOrientationLandscapeRight";
				LD_RUNPATH_SEARCH_PATHS = (
					"$(inherited)",
					"@executable_path/Frameworks",
				);
				MARKETING_VERSION = 1.0;
				PRODUCT_BUNDLE_IDENTIFIER = test.TestApp1;
				PRODUCT_NAME = "$(TARGET_NAME)";
				SWIFT_EMIT_LOC_STRINGS = YES;
				SWIFT_VERSION = 5.0;
				TARGETED_DEVICE_FAMILY = "1,2";
			};
			name = Release;
		};
		AC79F97A29BF9AA8005370EC /* Debug */ = {
			isa = XCBuildConfiguration;
			buildSettings = {
				ALWAYS_EMBED_SWIFT_STANDARD_LIBRARIES = YES;
				BUNDLE_LOADER = "$(TEST_HOST)";
				CODE_SIGN_STYLE = Automatic;
				CURRENT_PROJECT_VERSION = 1;
				GENERATE_INFOPLIST_FILE = YES;
				IPHONEOS_DEPLOYMENT_TARGET = 16.2;
				MARKETING_VERSION = 1.0;
				PRODUCT_BUNDLE_IDENTIFIER = test.TestApp1Tests;
				PRODUCT_NAME = "$(TARGET_NAME)";
				SWIFT_EMIT_LOC_STRINGS = NO;
				SWIFT_VERSION = 5.0;
				TARGETED_DEVICE_FAMILY = "1,2";
				TEST_HOST = "$(BUILT_PRODUCTS_DIR)/TestApp1.app/$(BUNDLE_EXECUTABLE_FOLDER_PATH)/TestApp1";
			};
			name = Debug;
		};
		AC79F97B29BF9AA8005370EC /* Release */ = {
			isa = XCBuildConfiguration;
			buildSettings = {
				ALWAYS_EMBED_SWIFT_STANDARD_LIBRARIES = YES;
				BUNDLE_LOADER = "$(TEST_HOST)";
				CODE_SIGN_STYLE = Automatic;
				CURRENT_PROJECT_VERSION = 1;
				GENERATE_INFOPLIST_FILE = YES;
				IPHONEOS_DEPLOYMENT_TARGET = 16.2;
				MARKETING_VERSION = 1.0;
				PRODUCT_BUNDLE_IDENTIFIER = test.TestApp1Tests;
				PRODUCT_NAME = "$(TARGET_NAME)";
				SWIFT_EMIT_LOC_STRINGS = NO;
				SWIFT_VERSION = 5.0;
				TARGETED_DEVICE_FAMILY = "1,2";
				TEST_HOST = "$(BUILT_PRODUCTS_DIR)/TestApp1.app/$(BUNDLE_EXECUTABLE_FOLDER_PATH)/TestApp1";
			};
			name = Release;
		};
		AC79F97D29BF9AA8005370EC /* Debug */ = {
			isa = XCBuildConfiguration;
			buildSettings = {
				ALWAYS_EMBED_SWIFT_STANDARD_LIBRARIES = YES;
				CODE_SIGN_STYLE = Automatic;
				CURRENT_PROJECT_VERSION = 1;
				GENERATE_INFOPLIST_FILE = YES;
				MARKETING_VERSION = 1.0;
				PRODUCT_BUNDLE_IDENTIFIER = test.TestApp1UITests;
				PRODUCT_NAME = "$(TARGET_NAME)";
				SWIFT_EMIT_LOC_STRINGS = NO;
				SWIFT_VERSION = 5.0;
				TARGETED_DEVICE_FAMILY = "1,2";
				TEST_TARGET_NAME = TestApp1;
			};
			name = Debug;
		};
		AC79F97E29BF9AA8005370EC /* Release */ = {
			isa = XCBuildConfiguration;
			buildSettings = {
				ALWAYS_EMBED_SWIFT_STANDARD_LIBRARIES = YES;
				CODE_SIGN_STYLE = Automatic;
				CURRENT_PROJECT_VERSION = 1;
				GENERATE_INFOPLIST_FILE = YES;
				MARKETING_VERSION = 1.0;
				PRODUCT_BUNDLE_IDENTIFIER = test.TestApp1UITests;
				PRODUCT_NAME = "$(TARGET_NAME)";
				SWIFT_EMIT_LOC_STRINGS = NO;
				SWIFT_VERSION = 5.0;
				TARGETED_DEVICE_FAMILY = "1,2";
				TEST_TARGET_NAME = TestApp1;
			};
			name = Release;
		};
/* End XCBuildConfiguration section */

/* Begin XCConfigurationList section */
		AC79F94D29BF9AA7005370EC /* Build configuration list for PBXProject "TestApp1" */ = {
			isa = XCConfigurationList;
			buildConfigurations = (
				AC79F97429BF9AA8005370EC /* Debug */,
				AC79F97529BF9AA8005370EC /* Release */,
			);
			defaultConfigurationIsVisible = 0;
			defaultConfigurationName = Release;
		};
		AC79F97629BF9AA8005370EC /* Build configuration list for PBXNativeTarget "TestApp1" */ = {
			isa = XCConfigurationList;
			buildConfigurations = (
				AC79F97729BF9AA8005370EC /* Debug */,
				AC79F97829BF9AA8005370EC /* Release */,
			);
			defaultConfigurationIsVisible = 0;
			defaultConfigurationName = Release;
		};
		AC79F97929BF9AA8005370EC /* Build configuration list for PBXNativeTarget "TestApp1Tests" */ = {
			isa = XCConfigurationList;
			buildConfigurations = (
				AC79F97A29BF9AA8005370EC /* Debug */,
				AC79F97B29BF9AA8005370EC /* Release */,
			);
			defaultConfigurationIsVisible = 0;
			defaultConfigurationName = Release;
		};
		AC79F97C29BF9AA8005370EC /* Build configuration list for PBXNativeTarget "TestApp1UITests" */ = {
			isa = XCConfigurationList;
			buildConfigurations = (
				AC79F97D29BF9AA8005370EC /* Debug */,
				AC79F97E29BF9AA8005370EC /* Release */,
			);
			defaultConfigurationIsVisible = 0;
			defaultConfigurationName = Release;
		};
/* End XCConfigurationList section */
	};
	rootObject = AC79F94A29BF9AA7005370EC /* Project object */;
}
